
Microsoft Visual Studio Solution File, Format Version 12.00
# Visual Studio Version 17
VisualStudioVersion = 17.14.36429.23
MinimumVisualStudioVersion = 10.0.40219.1
Project("{2150E333-8FDC-42A3-9474-1A3956D46DE8}") = "Task0", "Task0", "{02EA681E-C7D8-13C7-8484-4AC65E1B71E8}"
EndProject
Project("{2150E333-8FDC-42A3-9474-1A3956D46DE8}") = "Task1", "Task1", "{9DDDD4FD-4586-4D94-82FC-02EE5365D247}"
EndProject
Project("{2150E333-8FDC-42A3-9474-1A3956D46DE8}") = "Task2", "Task2", "{D910947F-EEF7-4A44-B47D-6095B1982A9B}"
EndProject
Project("{2150E333-8FDC-42A3-9474-1A3956D46DE8}") = "Task3", "Task3", "{F3AEC069-8C67-4593-9F96-A84500A71B47}"
EndProject
Project("{2150E333-8FDC-42A3-9474-1A3956D46DE8}") = "Task4", "Task4", "{65978FE3-2CB4-44EE-B7EF-80BD3767D98F}"
EndProject
Project("{2150E333-8FDC-42A3-9474-1A3956D46DE8}") = "Task5", "Task5", "{36D3DD9B-AAA0-4325-98A6-74AD924381C3}"
EndProject
Project("{2150E333-8FDC-42A3-9474-1A3956D46DE8}") = "Task6", "Task6", "{DD80EE83-6333-48BE-80B4-88ADC7E7FC9D}"
EndProject
Project("{2150E333-8FDC-42A3-9474-1A3956D46DE8}") = "Task7", "Task7", "{FAE55673-B69A-4DE9-BB42-BF983D894D03}"
EndProject
Project("{FAE04EC0-301F-11D3-BF4B-00C04F79EFBC}") = "Tyuiu.KazachekI.Sprint4.Task0.V25", "Tyuiu.KazachekI.Sprint4.Task0.V25\Tyuiu.KazachekI.Sprint4.Task0.V25.csproj", "{B14D00B8-6427-483B-9FA6-DDA74F792ACF}"
EndProject
Project("{FAE04EC0-301F-11D3-BF4B-00C04F79EFBC}") = "Tyuiu.KazachekI.Sprint4.Task0.V25.Lib", "Tyuiu.KazachekI.Sprint4.Task0.V25.Lib\Tyuiu.KazachekI.Sprint4.Task0.V25.Lib.csproj", "{ED6B452A-D456-4599-BA36-D147597626DC}"
EndProject
Project("{FAE04EC0-301F-11D3-BF4B-00C04F79EFBC}") = "Tyuiu.KazachekI.Sprint4.Task0.V25.Test", "Tyuiu.KazachekI.Sprint4.Task0.V25.Test\Tyuiu.KazachekI.Sprint4.Task0.V25.Test.csproj", "{BE669F62-F9F0-43D6-902A-BAC104B75FE8}"
EndProject
Project("{FAE04EC0-301F-11D3-BF4B-00C04F79EFBC}") = "Tyuiu.KazachekI.Sprint4.Task1.V7", "Tyuiu.KazachekI.Sprint4.Task1.V7\Tyuiu.KazachekI.Sprint4.Task1.V7.csproj", "{A39579F7-7E7A-4F93-973E-606FD5D59DE8}"
EndProject
Project("{FAE04EC0-301F-11D3-BF4B-00C04F79EFBC}") = "Tyuiu.KazachekI.Sprint4.Task1.V7.Lib", "Tyuiu.KazachekI.Sprint4.Task1.V7.Lib\Tyuiu.KazachekI.Sprint4.Task1.V7.Lib.csproj", "{D9A737C7-B66E-4525-8ABB-2CE897FC7AB6}"
EndProject
Project("{FAE04EC0-301F-11D3-BF4B-00C04F79EFBC}") = "Tyuiu.KazachekI.Sprint4.Task1.V7.Test", "Tyuiu.KazachekI.Sprint4.Task1.V7.Test\Tyuiu.KazachekI.Sprint4.Task1.V7.Test.csproj", "{30609CFF-CBF7-4B79-989C-8B9AF6DF1CA3}"
EndProject
Project("{FAE04EC0-301F-11D3-BF4B-00C04F79EFBC}") = "Tyuiu.KazachekI.Sprint4.Task2.V1", "Tyuiu.KazachekI.Sprint4.Task2.V1\Tyuiu.KazachekI.Sprint4.Task2.V1.csproj", "{561E12B4-8AFE-44E3-98B3-F38140FE29CC}"
EndProject
Project("{FAE04EC0-301F-11D3-BF4B-00C04F79EFBC}") = "Tyuiu.KazachekI.Sprint4.Task2.V1.Lib", "Tyuiu.KazachekI.Sprint4.Task2.V1.Lib\Tyuiu.KazachekI.Sprint4.Task2.V1.Lib.csproj", "{188748F4-22B5-4E5C-B3EC-2988BF74C0AE}"
EndProject
Project("{FAE04EC0-301F-11D3-BF4B-00C04F79EFBC}") = "Tyuiu.KazachekI.Sprint4.Task2.V1.Test", "Tyuiu.KazachekI.Sprint4.Task2.V1.Test\Tyuiu.KazachekI.Sprint4.Task2.V1.Test.csproj", "{4F6BE144-294A-4234-BB2A-0650CCF54442}"
EndProject
Project("{FAE04EC0-301F-11D3-BF4B-00C04F79EFBC}") = "Tyuiu.KazachekI.Sprint4.Task3.V19", "Tyuiu.KazachekI.Sprint4.Task3.V19\Tyuiu.KazachekI.Sprint4.Task3.V19.csproj", "{99670584-793F-46AB-9A01-0E685A06464C}"
EndProject
Project("{FAE04EC0-301F-11D3-BF4B-00C04F79EFBC}") = "Tyuiu.KazachekI.Sprint4.Task3.V19.Lib", "Tyuiu.KazachekI.Sprint4.Task3.V19.Lib\Tyuiu.KazachekI.Sprint4.Task3.V19.Lib.csproj", "{3281A838-013C-4D61-B0D6-D92B99D4E326}"
EndProject
Project("{FAE04EC0-301F-11D3-BF4B-00C04F79EFBC}") = "Tyuiu.KazachekI.Sprint4.Task3.V19.Test", "Tyuiu.KazachekI.Sprint4.Task3.V19.Test\Tyuiu.KazachekI.Sprint4.Task3.V19.Test.csproj", "{316FDFCA-A855-4AA6-A972-B2B0BBC6484E}"
EndProject
Project("{FAE04EC0-301F-11D3-BF4B-00C04F79EFBC}") = "Tyuiu.KazachekI.Sprint4.Task4.V1", "Tyuiu.KazachekI.Sprint4.Task4.V1\Tyuiu.KazachekI.Sprint4.Task4.V1.csproj", "{90ECE035-DCF8-4FA6-A5AE-60BFAD4CD9AF}"
EndProject
Project("{FAE04EC0-301F-11D3-BF4B-00C04F79EFBC}") = "Tyuiu.KazachekI.Sprint4.Task4.V1.Lib", "Tyuiu.KazachekI.Sprint4.Task4.V1.Lib\Tyuiu.KazachekI.Sprint4.Task4.V1.Lib.csproj", "{3F06560C-0B8F-4AA1-BA2D-71A7033DC503}"
EndProject
Project("{FAE04EC0-301F-11D3-BF4B-00C04F79EFBC}") = "Tyuiu.KazachekI.Sprint4.Task4.V1.Test", "Tyuiu.KazachekI.Sprint4.Task4.V1.Test\Tyuiu.KazachekI.Sprint4.Task4.V1.Test.csproj", "{D462D0D7-0638-4DE1-B83F-B6D2F201FED0}"
EndProject
Project("{FAE04EC0-301F-11D3-BF4B-00C04F79EFBC}") = "Tyuiu.KazachekI.Sprint4.Task5.V24", "Tyuiu.KazachekI.Sprint4.Task5.V24\Tyuiu.KazachekI.Sprint4.Task5.V24.csproj", "{499C89D3-D8EC-4080-A3E3-ECF5D657E65F}"
EndProject
Project("{FAE04EC0-301F-11D3-BF4B-00C04F79EFBC}") = "Tyuiu.KazachekI.Sprint4.Task5.V24.Lib", "Tyuiu.KazachekI.Sprint4.Task5.V24.Lib\Tyuiu.KazachekI.Sprint4.Task5.V24.Lib.csproj", "{437709BC-9AC5-4E9F-A388-D87202F6524A}"
EndProject
Project("{FAE04EC0-301F-11D3-BF4B-00C04F79EFBC}") = "Tyuiu.KazachekI.Sprint4.Task5.V24.Test", "Tyuiu.KazachekI.Sprint4.Task5.V24.Test\Tyuiu.KazachekI.Sprint4.Task5.V24.Test.csproj", "{794FF977-5ABA-4FE2-8EDD-21C3B184E52D}"
EndProject
Project("{FAE04EC0-301F-11D3-BF4B-00C04F79EFBC}") = "Tyuiu.KazachekI.Sprint4.Task6.V15", "Tyuiu.KazachekI.Sprint4.Task6.V15\Tyuiu.KazachekI.Sprint4.Task6.V15.csproj", "{E96BE672-1954-437C-A682-48DDAAC7808F}"
EndProject
Project("{FAE04EC0-301F-11D3-BF4B-00C04F79EFBC}") = "Tyuiu.KazachekI.Sprint4.Task6.V15.Lib", "Tyuiu.KazachekI.Sprint4.Task6.V15.Lib\Tyuiu.KazachekI.Sprint4.Task6.V15.Lib.csproj", "{CDEBE499-429D-4835-ACEA-278C3ABBAFA5}"
EndProject
Project("{FAE04EC0-301F-11D3-BF4B-00C04F79EFBC}") = "Tyuiu.KazachekI.Sprint4.Task6.V15.Test", "Tyuiu.KazachekI.Sprint4.Task6.V15.Test\Tyuiu.KazachekI.Sprint4.Task6.V15.Test.csproj", "{953D2EEC-326B-4B8F-BBD2-BD3008573D7A}"
EndProject
Project("{FAE04EC0-301F-11D3-BF4B-00C04F79EFBC}") = "Tyuiu.KazachekI.Sprint4.Task7.V16", "Tyuiu.KazachekI.Sprint4.Task7.V16\Tyuiu.KazachekI.Sprint4.Task7.V16.csproj", "{CEECF3A0-D9E9-4AFD-AB0D-6AC6218D02B0}"
EndProject
Project("{FAE04EC0-301F-11D3-BF4B-00C04F79EFBC}") = "Tyuiu.KazachekI.Sprint4.Task7.V16.Lib", "Tyuiu.KazachekI.Sprint4.Task7.V16.Lib\Tyuiu.KazachekI.Sprint4.Task7.V16.Lib.csproj", "{9490B6C5-4915-4C49-BDD4-FB438468083A}"
EndProject
Project("{FAE04EC0-301F-11D3-BF4B-00C04F79EFBC}") = "Tyuiu.KazachekI.Sprint4.Task7.V16.Test", "Tyuiu.KazachekI.Sprint4.Task7.V16.Test\Tyuiu.KazachekI.Sprint4.Task7.V16.Test.csproj", "{A245017A-643E-451F-9E6F-45F46B323045}"
EndProject
Global
	GlobalSection(SolutionConfigurationPlatforms) = preSolution
		Debug|Any CPU = Debug|Any CPU
		Release|Any CPU = Release|Any CPU
	EndGlobalSection
	GlobalSection(ProjectConfigurationPlatforms) = postSolution
		{B14D00B8-6427-483B-9FA6-DDA74F792ACF}.Debug|Any CPU.ActiveCfg = Debug|Any CPU
		{B14D00B8-6427-483B-9FA6-DDA74F792ACF}.Debug|Any CPU.Build.0 = Debug|Any CPU
		{B14D00B8-6427-483B-9FA6-DDA74F792ACF}.Release|Any CPU.ActiveCfg = Release|Any CPU
		{B14D00B8-6427-483B-9FA6-DDA74F792ACF}.Release|Any CPU.Build.0 = Release|Any CPU
		{ED6B452A-D456-4599-BA36-D147597626DC}.Debug|Any CPU.ActiveCfg = Debug|Any CPU
		{ED6B452A-D456-4599-BA36-D147597626DC}.Debug|Any CPU.Build.0 = Debug|Any CPU
		{ED6B452A-D456-4599-BA36-D147597626DC}.Release|Any CPU.ActiveCfg = Release|Any CPU
		{ED6B452A-D456-4599-BA36-D147597626DC}.Release|Any CPU.Build.0 = Release|Any CPU
		{BE669F62-F9F0-43D6-902A-BAC104B75FE8}.Debug|Any CPU.ActiveCfg = Debug|Any CPU
		{BE669F62-F9F0-43D6-902A-BAC104B75FE8}.Debug|Any CPU.Build.0 = Debug|Any CPU
		{BE669F62-F9F0-43D6-902A-BAC104B75FE8}.Release|Any CPU.ActiveCfg = Release|Any CPU
		{BE669F62-F9F0-43D6-902A-BAC104B75FE8}.Release|Any CPU.Build.0 = Release|Any CPU
		{A39579F7-7E7A-4F93-973E-606FD5D59DE8}.Debug|Any CPU.ActiveCfg = Debug|Any CPU
		{A39579F7-7E7A-4F93-973E-606FD5D59DE8}.Debug|Any CPU.Build.0 = Debug|Any CPU
		{A39579F7-7E7A-4F93-973E-606FD5D59DE8}.Release|Any CPU.ActiveCfg = Release|Any CPU
		{A39579F7-7E7A-4F93-973E-606FD5D59DE8}.Release|Any CPU.Build.0 = Release|Any CPU
		{D9A737C7-B66E-4525-8ABB-2CE897FC7AB6}.Debug|Any CPU.ActiveCfg = Debug|Any CPU
		{D9A737C7-B66E-4525-8ABB-2CE897FC7AB6}.Debug|Any CPU.Build.0 = Debug|Any CPU
		{D9A737C7-B66E-4525-8ABB-2CE897FC7AB6}.Release|Any CPU.ActiveCfg = Release|Any CPU
		{D9A737C7-B66E-4525-8ABB-2CE897FC7AB6}.Release|Any CPU.Build.0 = Release|Any CPU
		{30609CFF-CBF7-4B79-989C-8B9AF6DF1CA3}.Debug|Any CPU.ActiveCfg = Debug|Any CPU
		{30609CFF-CBF7-4B79-989C-8B9AF6DF1CA3}.Debug|Any CPU.Build.0 = Debug|Any CPU
		{30609CFF-CBF7-4B79-989C-8B9AF6DF1CA3}.Release|Any CPU.ActiveCfg = Release|Any CPU
		{30609CFF-CBF7-4B79-989C-8B9AF6DF1CA3}.Release|Any CPU.Build.0 = Release|Any CPU
		{561E12B4-8AFE-44E3-98B3-F38140FE29CC}.Debug|Any CPU.ActiveCfg = Debug|Any CPU
		{561E12B4-8AFE-44E3-98B3-F38140FE29CC}.Debug|Any CPU.Build.0 = Debug|Any CPU
		{561E12B4-8AFE-44E3-98B3-F38140FE29CC}.Release|Any CPU.ActiveCfg = Release|Any CPU
		{561E12B4-8AFE-44E3-98B3-F38140FE29CC}.Release|Any CPU.Build.0 = Release|Any CPU
		{188748F4-22B5-4E5C-B3EC-2988BF74C0AE}.Debug|Any CPU.ActiveCfg = Debug|Any CPU
		{188748F4-22B5-4E5C-B3EC-2988BF74C0AE}.Debug|Any CPU.Build.0 = Debug|Any CPU
		{188748F4-22B5-4E5C-B3EC-2988BF74C0AE}.Release|Any CPU.ActiveCfg = Release|Any CPU
		{188748F4-22B5-4E5C-B3EC-2988BF74C0AE}.Release|Any CPU.Build.0 = Release|Any CPU
		{4F6BE144-294A-4234-BB2A-0650CCF54442}.Debug|Any CPU.ActiveCfg = Debug|Any CPU
		{4F6BE144-294A-4234-BB2A-0650CCF54442}.Debug|Any CPU.Build.0 = Debug|Any CPU
		{4F6BE144-294A-4234-BB2A-0650CCF54442}.Release|Any CPU.ActiveCfg = Release|Any CPU
		{4F6BE144-294A-4234-BB2A-0650CCF54442}.Release|Any CPU.Build.0 = Release|Any CPU
		{99670584-793F-46AB-9A01-0E685A06464C}.Debug|Any CPU.ActiveCfg = Debug|Any CPU
		{99670584-793F-46AB-9A01-0E685A06464C}.Debug|Any CPU.Build.0 = Debug|Any CPU
		{99670584-793F-46AB-9A01-0E685A06464C}.Release|Any CPU.ActiveCfg = Release|Any CPU
		{99670584-793F-46AB-9A01-0E685A06464C}.Release|Any CPU.Build.0 = Release|Any CPU
		{3281A838-013C-4D61-B0D6-D92B99D4E326}.Debug|Any CPU.ActiveCfg = Debug|Any CPU
		{3281A838-013C-4D61-B0D6-D92B99D4E326}.Debug|Any CPU.Build.0 = Debug|Any CPU
		{3281A838-013C-4D61-B0D6-D92B99D4E326}.Release|Any CPU.ActiveCfg = Release|Any CPU
		{3281A838-013C-4D61-B0D6-D92B99D4E326}.Release|Any CPU.Build.0 = Release|Any CPU
		{316FDFCA-A855-4AA6-A972-B2B0BBC6484E}.Debug|Any CPU.ActiveCfg = Debug|Any CPU
		{316FDFCA-A855-4AA6-A972-B2B0BBC6484E}.Debug|Any CPU.Build.0 = Debug|Any CPU
		{316FDFCA-A855-4AA6-A972-B2B0BBC6484E}.Release|Any CPU.ActiveCfg = Release|Any CPU
		{316FDFCA-A855-4AA6-A972-B2B0BBC6484E}.Release|Any CPU.Build.0 = Release|Any CPU
		{90ECE035-DCF8-4FA6-A5AE-60BFAD4CD9AF}.Debug|Any CPU.ActiveCfg = Debug|Any CPU
		{90ECE035-DCF8-4FA6-A5AE-60BFAD4CD9AF}.Debug|Any CPU.Build.0 = Debug|Any CPU
		{90ECE035-DCF8-4FA6-A5AE-60BFAD4CD9AF}.Release|Any CPU.ActiveCfg = Release|Any CPU
		{90ECE035-DCF8-4FA6-A5AE-60BFAD4CD9AF}.Release|Any CPU.Build.0 = Release|Any CPU
		{3F06560C-0B8F-4AA1-BA2D-71A7033DC503}.Debug|Any CPU.ActiveCfg = Debug|Any CPU
		{3F06560C-0B8F-4AA1-BA2D-71A7033DC503}.Debug|Any CPU.Build.0 = Debug|Any CPU
		{3F06560C-0B8F-4AA1-BA2D-71A7033DC503}.Release|Any CPU.ActiveCfg = Release|Any CPU
		{3F06560C-0B8F-4AA1-BA2D-71A7033DC503}.Release|Any CPU.Build.0 = Release|Any CPU
		{D462D0D7-0638-4DE1-B83F-B6D2F201FED0}.Debug|Any CPU.ActiveCfg = Debug|Any CPU
		{D462D0D7-0638-4DE1-B83F-B6D2F201FED0}.Debug|Any CPU.Build.0 = Debug|Any CPU
		{D462D0D7-0638-4DE1-B83F-B6D2F201FED0}.Release|Any CPU.ActiveCfg = Release|Any CPU
		{D462D0D7-0638-4DE1-B83F-B6D2F201FED0}.Release|Any CPU.Build.0 = Release|Any CPU
		{499C89D3-D8EC-4080-A3E3-ECF5D657E65F}.Debug|Any CPU.ActiveCfg = Debug|Any CPU
		{499C89D3-D8EC-4080-A3E3-ECF5D657E65F}.Debug|Any CPU.Build.0 = Debug|Any CPU
		{499C89D3-D8EC-4080-A3E3-ECF5D657E65F}.Release|Any CPU.ActiveCfg = Release|Any CPU
		{499C89D3-D8EC-4080-A3E3-ECF5D657E65F}.Release|Any CPU.Build.0 = Release|Any CPU
		{437709BC-9AC5-4E9F-A388-D87202F6524A}.Debug|Any CPU.ActiveCfg = Debug|Any CPU
		{437709BC-9AC5-4E9F-A388-D87202F6524A}.Debug|Any CPU.Build.0 = Debug|Any CPU
		{437709BC-9AC5-4E9F-A388-D87202F6524A}.Release|Any CPU.ActiveCfg = Release|Any CPU
		{437709BC-9AC5-4E9F-A388-D87202F6524A}.Release|Any CPU.Build.0 = Release|Any CPU
		{794FF977-5ABA-4FE2-8EDD-21C3B184E52D}.Debug|Any CPU.ActiveCfg = Debug|Any CPU
		{794FF977-5ABA-4FE2-8EDD-21C3B184E52D}.Debug|Any CPU.Build.0 = Debug|Any CPU
		{794FF977-5ABA-4FE2-8EDD-21C3B184E52D}.Release|Any CPU.ActiveCfg = Release|Any CPU
		{794FF977-5ABA-4FE2-8EDD-21C3B184E52D}.Release|Any CPU.Build.0 = Release|Any CPU
		{E96BE672-1954-437C-A682-48DDAAC7808F}.Debug|Any CPU.ActiveCfg = Debug|Any CPU
		{E96BE672-1954-437C-A682-48DDAAC7808F}.Debug|Any CPU.Build.0 = Debug|Any CPU
		{E96BE672-1954-437C-A682-48DDAAC7808F}.Release|Any CPU.ActiveCfg = Release|Any CPU
		{E96BE672-1954-437C-A682-48DDAAC7808F}.Release|Any CPU.Build.0 = Release|Any CPU
		{CDEBE499-429D-4835-ACEA-278C3ABBAFA5}.Debug|Any CPU.ActiveCfg = Debug|Any CPU
		{CDEBE499-429D-4835-ACEA-278C3ABBAFA5}.Debug|Any CPU.Build.0 = Debug|Any CPU
		{CDEBE499-429D-4835-ACEA-278C3ABBAFA5}.Release|Any CPU.ActiveCfg = Release|Any CPU
		{CDEBE499-429D-4835-ACEA-278C3ABBAFA5}.Release|Any CPU.Build.0 = Release|Any CPU
		{953D2EEC-326B-4B8F-BBD2-BD3008573D7A}.Debug|Any CPU.ActiveCfg = Debug|Any CPU
		{953D2EEC-326B-4B8F-BBD2-BD3008573D7A}.Debug|Any CPU.Build.0 = Debug|Any CPU
		{953D2EEC-326B-4B8F-BBD2-BD3008573D7A}.Release|Any CPU.ActiveCfg = Release|Any CPU
		{953D2EEC-326B-4B8F-BBD2-BD3008573D7A}.Release|Any CPU.Build.0 = Release|Any CPU
		{CEECF3A0-D9E9-4AFD-AB0D-6AC6218D02B0}.Debug|Any CPU.ActiveCfg = Debug|Any CPU
		{CEECF3A0-D9E9-4AFD-AB0D-6AC6218D02B0}.Debug|Any CPU.Build.0 = Debug|Any CPU
		{CEECF3A0-D9E9-4AFD-AB0D-6AC6218D02B0}.Release|Any CPU.ActiveCfg = Release|Any CPU
		{CEECF3A0-D9E9-4AFD-AB0D-6AC6218D02B0}.Release|Any CPU.Build.0 = Release|Any CPU
		{9490B6C5-4915-4C49-BDD4-FB438468083A}.Debug|Any CPU.ActiveCfg = Debug|Any CPU
		{9490B6C5-4915-4C49-BDD4-FB438468083A}.Debug|Any CPU.Build.0 = Debug|Any CPU
		{9490B6C5-4915-4C49-BDD4-FB438468083A}.Release|Any CPU.ActiveCfg = Release|Any CPU
		{9490B6C5-4915-4C49-BDD4-FB438468083A}.Release|Any CPU.Build.0 = Release|Any CPU
		{A245017A-643E-451F-9E6F-45F46B323045}.Debug|Any CPU.ActiveCfg = Debug|Any CPU
		{A245017A-643E-451F-9E6F-45F46B323045}.Debug|Any CPU.Build.0 = Debug|Any CPU
		{A245017A-643E-451F-9E6F-45F46B323045}.Release|Any CPU.ActiveCfg = Release|Any CPU
		{A245017A-643E-451F-9E6F-45F46B323045}.Release|Any CPU.Build.0 = Release|Any CPU
	EndGlobalSection
	GlobalSection(SolutionProperties) = preSolution
		HideSolutionNode = FALSE
	EndGlobalSection
	GlobalSection(NestedProjects) = preSolution
		{B14D00B8-6427-483B-9FA6-DDA74F792ACF} = {02EA681E-C7D8-13C7-8484-4AC65E1B71E8}
		{ED6B452A-D456-4599-BA36-D147597626DC} = {02EA681E-C7D8-13C7-8484-4AC65E1B71E8}
		{BE669F62-F9F0-43D6-902A-BAC104B75FE8} = {02EA681E-C7D8-13C7-8484-4AC65E1B71E8}
		{A39579F7-7E7A-4F93-973E-606FD5D59DE8} = {9DDDD4FD-4586-4D94-82FC-02EE5365D247}
		{D9A737C7-B66E-4525-8ABB-2CE897FC7AB6} = {9DDDD4FD-4586-4D94-82FC-02EE5365D247}
		{30609CFF-CBF7-4B79-989C-8B9AF6DF1CA3} = {9DDDD4FD-4586-4D94-82FC-02EE5365D247}
		{561E12B4-8AFE-44E3-98B3-F38140FE29CC} = {D910947F-EEF7-4A44-B47D-6095B1982A9B}
		{188748F4-22B5-4E5C-B3EC-2988BF74C0AE} = {D910947F-EEF7-4A44-B47D-6095B1982A9B}
		{4F6BE144-294A-4234-BB2A-0650CCF54442} = {D910947F-EEF7-4A44-B47D-6095B1982A9B}
		{99670584-793F-46AB-9A01-0E685A06464C} = {F3AEC069-8C67-4593-9F96-A84500A71B47}
		{3281A838-013C-4D61-B0D6-D92B99D4E326} = {F3AEC069-8C67-4593-9F96-A84500A71B47}
		{316FDFCA-A855-4AA6-A972-B2B0BBC6484E} = {F3AEC069-8C67-4593-9F96-A84500A71B47}
		{90ECE035-DCF8-4FA6-A5AE-60BFAD4CD9AF} = {65978FE3-2CB4-44EE-B7EF-80BD3767D98F}
		{3F06560C-0B8F-4AA1-BA2D-71A7033DC503} = {65978FE3-2CB4-44EE-B7EF-80BD3767D98F}
		{D462D0D7-0638-4DE1-B83F-B6D2F201FED0} = {65978FE3-2CB4-44EE-B7EF-80BD3767D98F}
		{499C89D3-D8EC-4080-A3E3-ECF5D657E65F} = {36D3DD9B-AAA0-4325-98A6-74AD924381C3}
		{437709BC-9AC5-4E9F-A388-D87202F6524A} = {36D3DD9B-AAA0-4325-98A6-74AD924381C3}
		{794FF977-5ABA-4FE2-8EDD-21C3B184E52D} = {36D3DD9B-AAA0-4325-98A6-74AD924381C3}
		{E96BE672-1954-437C-A682-48DDAAC7808F} = {DD80EE83-6333-48BE-80B4-88ADC7E7FC9D}
		{CDEBE499-429D-4835-ACEA-278C3ABBAFA5} = {DD80EE83-6333-48BE-80B4-88ADC7E7FC9D}
		{953D2EEC-326B-4B8F-BBD2-BD3008573D7A} = {DD80EE83-6333-48BE-80B4-88ADC7E7FC9D}
		{CEECF3A0-D9E9-4AFD-AB0D-6AC6218D02B0} = {FAE55673-B69A-4DE9-BB42-BF983D894D03}
		{9490B6C5-4915-4C49-BDD4-FB438468083A} = {FAE55673-B69A-4DE9-BB42-BF983D894D03}
		{A245017A-643E-451F-9E6F-45F46B323045} = {FAE55673-B69A-4DE9-BB42-BF983D894D03}
	EndGlobalSection
	GlobalSection(ExtensibilityGlobals) = postSolution
		SolutionGuid = {6C425E9F-2F4D-4100-A7C2-326FC2D1BCED}
	EndGlobalSection
EndGlobal
